
Microsoft Visual Studio Solution File, Format Version 12.00
# Visual Studio 2012
Project("{FAE04EC0-301F-11D3-BF4B-00C04F79EFBC}") = "MvcBootstrap", "MvcBootstrap\MvcBootstrap\MvcBootstrap.csproj", "{27E05BA3-CDDF-436F-A072-DFD38F953B30}"
EndProject
Project("{2150E333-8FDC-42A3-9474-1A3956D46DE8}") = ".nuget", ".nuget", "{1B2649E5-A3E7-4E97-8CB3-903B87FB5415}"
	ProjectSection(SolutionItems) = preProject
		.nuget\NuGet.Config = .nuget\NuGet.Config
		.nuget\NuGet.exe = .nuget\NuGet.exe
		.nuget\NuGet.targets = .nuget\NuGet.targets
	EndProjectSection
EndProject
Project("{FAE04EC0-301F-11D3-BF4B-00C04F79EFBC}") = "MvcBootstrap.ExampleApp.Data", "MvcBootstrap.ExampleApp.Data\MvcBootstrap.ExampleApp.Data.csproj", "{2AC40E4E-F183-4DD8-8572-2E1A5884AE16}"
EndProject
Project("{FAE04EC0-301F-11D3-BF4B-00C04F79EFBC}") = "MvcBootstrap.ExampleApp.Data.Tests", "MvcBootstrap.ExampleApp.Data.Tests\MvcBootstrap.ExampleApp.Data.Tests.csproj", "{4BB7D3AF-5CA9-4391-B781-F784D206AADF}"
EndProject
Project("{FAE04EC0-301F-11D3-BF4B-00C04F79EFBC}") = "MvcBootstrap.ExampleApp.Domain", "MvcBootstrap.ExampleApp.Domain\MvcBootstrap.ExampleApp.Domain.csproj", "{70574438-17AC-4A68-A2F5-D0E81AC9A356}"
EndProject
Project("{FAE04EC0-301F-11D3-BF4B-00C04F79EFBC}") = "MvcBootstrap.ExampleApp.Domain.Tests", "MvcBootstrap.ExampleApp.Domain.Tests\MvcBootstrap.ExampleApp.Domain.Tests.csproj", "{542042B1-4E46-4B8E-AA2B-B794D3A6C1D7}"
EndProject
Project("{FAE04EC0-301F-11D3-BF4B-00C04F79EFBC}") = "MvcBootstrap.ExampleApp.Web", "MvcBootstrap.ExampleApp.Web\MvcBootstrap.ExampleApp.Web.csproj", "{C2AECEFA-07B2-4978-BFEF-2BBD055505E4}"
EndProject
Project("{FAE04EC0-301F-11D3-BF4B-00C04F79EFBC}") = "MvcBootstrap.ExampleApp.Web.Tests", "MvcBootstrap.ExampleApp.Web.Tests\MvcBootstrap.ExampleApp.Web.Tests.csproj", "{E037691F-7BFB-489D-A18A-028D9021DAC6}"
EndProject
Project("{2150E333-8FDC-42A3-9474-1A3956D46DE8}") = "Solution Items", "Solution Items", "{93DD07D1-1879-404D-B45F-E949E0537391}"
	ProjectSection(SolutionItems) = preProject
		LICENSE.md = LICENSE.md
		README.md = README.md
	EndProjectSection
EndProject
Global
	GlobalSection(SolutionConfigurationPlatforms) = preSolution
		Debug|Any CPU = Debug|Any CPU
		Release|Any CPU = Release|Any CPU
	EndGlobalSection
	GlobalSection(ProjectConfigurationPlatforms) = postSolution
		{27E05BA3-CDDF-436F-A072-DFD38F953B30}.Debug|Any CPU.ActiveCfg = Debug|Any CPU
		{27E05BA3-CDDF-436F-A072-DFD38F953B30}.Debug|Any CPU.Build.0 = Debug|Any CPU
		{27E05BA3-CDDF-436F-A072-DFD38F953B30}.Release|Any CPU.ActiveCfg = Release|Any CPU
		{27E05BA3-CDDF-436F-A072-DFD38F953B30}.Release|Any CPU.Build.0 = Release|Any CPU
		{2AC40E4E-F183-4DD8-8572-2E1A5884AE16}.Debug|Any CPU.ActiveCfg = Debug|Any CPU
		{2AC40E4E-F183-4DD8-8572-2E1A5884AE16}.Debug|Any CPU.Build.0 = Debug|Any CPU
		{2AC40E4E-F183-4DD8-8572-2E1A5884AE16}.Release|Any CPU.ActiveCfg = Release|Any CPU
		{2AC40E4E-F183-4DD8-8572-2E1A5884AE16}.Release|Any CPU.Build.0 = Release|Any CPU
		{4BB7D3AF-5CA9-4391-B781-F784D206AADF}.Debug|Any CPU.ActiveCfg = Debug|Any CPU
		{4BB7D3AF-5CA9-4391-B781-F784D206AADF}.Debug|Any CPU.Build.0 = Debug|Any CPU
		{4BB7D3AF-5CA9-4391-B781-F784D206AADF}.Release|Any CPU.ActiveCfg = Release|Any CPU
		{4BB7D3AF-5CA9-4391-B781-F784D206AADF}.Release|Any CPU.Build.0 = Release|Any CPU
		{70574438-17AC-4A68-A2F5-D0E81AC9A356}.Debug|Any CPU.ActiveCfg = Debug|Any CPU
		{70574438-17AC-4A68-A2F5-D0E81AC9A356}.Debug|Any CPU.Build.0 = Debug|Any CPU
		{70574438-17AC-4A68-A2F5-D0E81AC9A356}.Release|Any CPU.ActiveCfg = Release|Any CPU
		{70574438-17AC-4A68-A2F5-D0E81AC9A356}.Release|Any CPU.Build.0 = Release|Any CPU
		{542042B1-4E46-4B8E-AA2B-B794D3A6C1D7}.Debug|Any CPU.ActiveCfg = Debug|Any CPU
		{542042B1-4E46-4B8E-AA2B-B794D3A6C1D7}.Debug|Any CPU.Build.0 = Debug|Any CPU
		{542042B1-4E46-4B8E-AA2B-B794D3A6C1D7}.Release|Any CPU.ActiveCfg = Release|Any CPU
		{542042B1-4E46-4B8E-AA2B-B794D3A6C1D7}.Release|Any CPU.Build.0 = Release|Any CPU
		{C2AECEFA-07B2-4978-BFEF-2BBD055505E4}.Debug|Any CPU.ActiveCfg = Debug|Any CPU
		{C2AECEFA-07B2-4978-BFEF-2BBD055505E4}.Debug|Any CPU.Build.0 = Debug|Any CPU
		{C2AECEFA-07B2-4978-BFEF-2BBD055505E4}.Release|Any CPU.ActiveCfg = Release|Any CPU
		{C2AECEFA-07B2-4978-BFEF-2BBD055505E4}.Release|Any CPU.Build.0 = Release|Any CPU
		{E037691F-7BFB-489D-A18A-028D9021DAC6}.Debug|Any CPU.ActiveCfg = Debug|Any CPU
		{E037691F-7BFB-489D-A18A-028D9021DAC6}.Debug|Any CPU.Build.0 = Debug|Any CPU
		{E037691F-7BFB-489D-A18A-028D9021DAC6}.Release|Any CPU.ActiveCfg = Release|Any CPU
		{E037691F-7BFB-489D-A18A-028D9021DAC6}.Release|Any CPU.Build.0 = Release|Any CPU
	EndGlobalSection
	GlobalSection(SolutionProperties) = preSolution
		HideSolutionNode = FALSE
	EndGlobalSection
EndGlobal
